
Microsoft Visual Studio Solution File, Format Version 12.00
# Visual Studio Version 17
VisualStudioVersion = 17.5.33530.505
MinimumVisualStudioVersion = 10.0.40219.1
Project("{FAE04EC0-301F-11D3-BF4B-00C04F79EFBC}") = "PortfolioServer", "PortfolioServer.csproj", "{D3CFF23B-F086-4150-A81B-784C3A9558E3}"
EndProject
Global
	GlobalSection(SolutionConfigurationPlatforms) = preSolution
		Debug|Any CPU = Debug|Any CPU
		Release|Any CPU = Release|Any CPU
	EndGlobalSection
	GlobalSection(ProjectConfigurationPlatforms) = postSolution
		{D3CFF23B-F086-4150-A81B-784C3A9558E3}.Debug|Any CPU.ActiveCfg = Debug|Any CPU
		{D3CFF23B-F086-4150-A81B-784C3A9558E3}.Debug|Any CPU.Build.0 = Debug|Any CPU
		{D3CFF23B-F086-4150-A81B-784C3A9558E3}.Release|Any CPU.ActiveCfg = Release|Any CPU
		{D3CFF23B-F086-4150-A81B-784C3A9558E3}.Release|Any CPU.Build.0 = Release|Any CPU
	EndGlobalSection
	GlobalSection(SolutionProperties) = preSolution
		HideSolutionNode = FALSE
	EndGlobalSection
	GlobalSection(ExtensibilityGlobals) = postSolution
		SolutionGuid = {D5977A4F-FC76-426F-9C71-EE396D01071F}
	EndGlobalSection
EndGlobal
